
Microsoft Visual Studio Solution File, Format Version 12.00
# Visual Studio 15
VisualStudioVersion = 15.0.27130.2010
MinimumVisualStudioVersion = 10.0.40219.1
Project("{F184B08F-C81C-45F6-A57F-5ABD9991F28F}") = "AssigmentCardGame", "AssigmentCardGame\AssigmentCardGame.vbproj", "{89BC6C9C-2C40-4A75-B079-4FF3DDEA8691}"
EndProject
Global
	GlobalSection(SolutionConfigurationPlatforms) = preSolution
		Debug|Any CPU = Debug|Any CPU
		Release|Any CPU = Release|Any CPU
	EndGlobalSection
	GlobalSection(ProjectConfigurationPlatforms) = postSolution
		{89BC6C9C-2C40-4A75-B079-4FF3DDEA8691}.Debug|Any CPU.ActiveCfg = Debug|Any CPU
		{89BC6C9C-2C40-4A75-B079-4FF3DDEA8691}.Debug|Any CPU.Build.0 = Debug|Any CPU
		{89BC6C9C-2C40-4A75-B079-4FF3DDEA8691}.Release|Any CPU.ActiveCfg = Release|Any CPU
		{89BC6C9C-2C40-4A75-B079-4FF3DDEA8691}.Release|Any CPU.Build.0 = Release|Any CPU
	EndGlobalSection
	GlobalSection(SolutionProperties) = preSolution
		HideSolutionNode = FALSE
	EndGlobalSection
	GlobalSection(ExtensibilityGlobals) = postSolution
		SolutionGuid = {B9E8CF68-943A-4AAF-9E0F-BF43BCD0E64A}
	EndGlobalSection
EndGlobal
